// !$*UTF8*$!
{
	archiveVersion = 1;
	classes = {
	};
	objectVersion = 46;
	objects = {

/* Begin PBXBuildFile section */
		7E65E1E71D1D2BC800D888F8 /* AppDelegate.swift in Sources */ = {isa = PBXBuildFile; fileRef = 7E65E1E61D1D2BC800D888F8 /* AppDelegate.swift */; };
		7E65E1E91D1D2BC800D888F8 /* ViewController.swift in Sources */ = {isa = PBXBuildFile; fileRef = 7E65E1E81D1D2BC800D888F8 /* ViewController.swift */; };
		7E65E1EC1D1D2BC800D888F8 /* Main.storyboard in Resources */ = {isa = PBXBuildFile; fileRef = 7E65E1EA1D1D2BC800D888F8 /* Main.storyboard */; };
		7E65E1EE1D1D2BC800D888F8 /* Assets.xcassets in Resources */ = {isa = PBXBuildFile; fileRef = 7E65E1ED1D1D2BC800D888F8 /* Assets.xcassets */; };
		7E65E1F11D1D2BC800D888F8 /* LaunchScreen.storyboard in Resources */ = {isa = PBXBuildFile; fileRef = 7E65E1EF1D1D2BC800D888F8 /* LaunchScreen.storyboard */; };
/* End PBXBuildFile section */

/* Begin PBXFileReference section */
		7E65E1E31D1D2BC800D888F8 /* swift29.app */ = {isa = PBXFileReference; explicitFileType = wrapper.application; includeInIndex = 0; path = swift29.app; sourceTree = BUILT_PRODUCTS_DIR; };
		7E65E1E61D1D2BC800D888F8 /* AppDelegate.swift */ = {isa = PBXFileReference; lastKnownFileType = sourcecode.swift; path = AppDelegate.swift; sourceTree = "<group>"; };
		7E65E1E81D1D2BC800D888F8 /* ViewController.swift */ = {isa = PBXFileReference; lastKnownFileType = sourcecode.swift; path = ViewController.swift; sourceTree = "<group>"; };
		7E65E1EB1D1D2BC800D888F8 /* Base */ = {isa = PBXFileReference; lastKnownFileType = file.storyboard; name = Base; path = Base.lproj/Main.storyboard; sourceTree = "<group>"; };
		7E65E1ED1D1D2BC800D888F8 /* Assets.xcassets */ = {isa = PBXFileReference; lastKnownFileType = folder.assetcatalog; path = Assets.xcassets; sourceTree = "<group>"; };
		7E65E1F01D1D2BC800D888F8 /* Base */ = {isa = PBXFileReference; lastKnownFileType = file.storyboard; name = Base; path = Base.lproj/LaunchScreen.storyboard; sourceTree = "<group>"; };
		7E65E1F21D1D2BC800D888F8 /* Info.plist */ = {isa = PBXFileReference; lastKnownFileType = text.plist.xml; path = Info.plist; sourceTree = "<group>"; };
/* End PBXFileReference section */

/* Begin PBXFrameworksBuildPhase section */
		7E65E1E01D1D2BC800D888F8 /* Frameworks */ = {
			isa = PBXFrameworksBuildPhase;
			buildActionMask = 2147483647;
			files = (
			);
			runOnlyForDeploymentPostprocessing = 0;
		};
/* End PBXFrameworksBuildPhase section */

/* Begin PBXGroup section */
		7E65E1DA1D1D2BC800D888F8 = {
			isa = PBXGroup;
			children = (
				7E65E1E51D1D2BC800D888F8 /* swift29 */,
				7E65E1E41D1D2BC800D888F8 /* Products */,
			);
			sourceTree = "<group>";
		};
		7E65E1E41D1D2BC800D888F8 /* Products */ = {
			isa = PBXGroup;
			children = (
				7E65E1E31D1D2BC800D888F8 /* swift29.app */,
			);
			name = Products;
			sourceTree = "<group>";
		};
		7E65E1E51D1D2BC800D888F8 /* swift29 */ = {
			isa = PBXGroup;
			children = (
				7E65E1E61D1D2BC800D888F8 /* AppDelegate.swift */,
				7E65E1E81D1D2BC800D888F8 /* ViewController.swift */,
				7E65E1EA1D1D2BC800D888F8 /* Main.storyboard */,
				7E65E1ED1D1D2BC800D888F8 /* Assets.xcassets */,
				7E65E1EF1D1D2BC800D888F8 /* LaunchScreen.storyboard */,
				7E65E1F21D1D2BC800D888F8 /* Info.plist */,
			);
			path = swift29;
			sourceTree = "<group>";
		};
/* End PBXGroup section */

/* Begin PBXNativeTarget section */
		7E65E1E21D1D2BC800D888F8 /* swift29 */ = {
			isa = PBXNativeTarget;
			buildConfigurationList = 7E65E1F51D1D2BC800D888F8 /* Build configuration list for PBXNativeTarget "swift29" */;
			buildPhases = (
				7E65E1DF1D1D2BC800D888F8 /* Sources */,
				7E65E1E01D1D2BC800D888F8 /* Frameworks */,
				7E65E1E11D1D2BC800D888F8 /* Resources */,
			);
			buildRules = (
			);
			dependencies = (
			);
			name = swift29;
			productName = swift29;
			productReference = 7E65E1E31D1D2BC800D888F8 /* swift29.app */;
			productType = "com.apple.product-type.application";
		};
/* End PBXNativeTarget section */

/* Begin PBXProject section */
		7E65E1DB1D1D2BC800D888F8 /* Project object */ = {
			isa = PBXProject;
			attributes = {
				LastSwiftUpdateCheck = 0730;
				LastUpgradeCheck = 0730;
				ORGANIZATIONNAME = jollycorp;
				TargetAttributes = {
					7E65E1E21D1D2BC800D888F8 = {
						CreatedOnToolsVersion = 7.3.1;
						DevelopmentTeam = MKJ55A75EX;
					};
				};
			};
			buildConfigurationList = 7E65E1DE1D1D2BC800D888F8 /* Build configuration list for PBXProject "swift29" */;
			compatibilityVersion = "Xcode 3.2";
			developmentRegion = English;
			hasScannedForEncodings = 0;
			knownRegions = (
				en,
				Base,
			);
			mainGroup = 7E65E1DA1D1D2BC800D888F8;
			productRefGroup = 7E65E1E41D1D2BC800D888F8 /* Products */;
			projectDirPath = "";
			projectRoot = "";
			targets = (
				7E65E1E21D1D2BC800D888F8 /* swift29 */,
			);
		};
/* End PBXProject section */

/* Begin PBXResourcesBuildPhase section */
		7E65E1E11D1D2BC800D888F8 /* Resources */ = {
			isa = PBXResourcesBuildPhase;
			buildActionMask = 2147483647;
			files = (
				7E65E1F11D1D2BC800D888F8 /* LaunchScreen.storyboard in Resources */,
				7E65E1EE1D1D2BC800D888F8 /* Assets.xcassets in Resources */,
				7E65E1EC1D1D2BC800D888F8 /* Main.storyboard in Resources */,
			);
			runOnlyForDeploymentPostprocessing = 0;
		};
/* End PBXResourcesBuildPhase section */

/* Begin PBXSourcesBuildPhase section */
		7E65E1DF1D1D2BC800D888F8 /* Sources */ = {
			isa = PBXSourcesBuildPhase;
			buildActionMask = 2147483647;
			files = (
				7E65E1E91D1D2BC800D888F8 /* ViewController.swift in Sources */,
				7E65E1E71D1D2BC800D888F8 /* AppDelegate.swift in Sources */,
			);
			runOnlyForDeploymentPostprocessing = 0;
		};
/* End PBXSourcesBuildPhase section */

/* Begin PBXVariantGroup section */
		7E65E1EA1D1D2BC800D888F8 /* Main.storyboard */ = {
			isa = PBXVariantGroup;
			children = (
				7E65E1EB1D1D2BC800D888F8 /* Base */,
			);
			name = Main.storyboard;
			sourceTree = "<group>";
		};
		7E65E1EF1D1D2BC800D888F8 /* LaunchScreen.storyboard */ = {
			isa = PBXVariantGroup;
			children = (
				7E65E1F01D1D2BC800D888F8 /* Base */,
			);
			name = LaunchScreen.storyboard;
			sourceTree = "<group>";
		};
/* End PBXVariantGroup section */

/* Begin XCBuildConfiguration section */
		7E65E1F31D1D2BC800D888F8 /* Debug */ = {
			isa = XCBuildConfiguration;
			buildSettings = {
				ALWAYS_SEARCH_USER_PATHS = NO;
				CLANG_ANALYZER_NONNULL = YES;
				CLANG_CXX_LANGUAGE_STANDARD = "gnu++0x";
				CLANG_CXX_LIBRARY = "libc++";
				CLANG_ENABLE_MODULES = YES;
				CLANG_ENABLE_OBJC_ARC = YES;
				CLANG_WARN_BOOL_CONVERSION = YES;
				CLANG_WARN_CONSTANT_CONVERSION = YES;
				CLANG_WARN_DIRECT_OBJC_ISA_USAGE = YES_ERROR;
				CLANG_WARN_EMPTY_BODY = YES;
				CLANG_WARN_ENUM_CONVERSION = YES;
				CLANG_WARN_INT_CONVERSION = YES;
				CLANG_WARN_OBJC_ROOT_CLASS = YES_ERROR;
				CLANG_WARN_UNREACHABLE_CODE = YES;
				CLANG_WARN__DUPLICATE_METHOD_MATCH = YES;
				"CODE_SIGN_IDENTITY[sdk=iphoneos*]" = "iPhone Developer";
				COPY_PHASE_STRIP = NO;
				DEBUG_INFORMATION_FORMAT = dwarf;
				ENABLE_STRICT_OBJC_MSGSEND = YES;
				ENABLE_TESTABILITY = YES;
				GCC_C_LANGUAGE_STANDARD = gnu99;
				GCC_DYNAMIC_NO_PIC = NO;
				GCC_NO_COMMON_BLOCKS = YES;
				GCC_OPTIMIZATION_LEVEL = 0;
				GCC_PREPROCESSOR_DEFINITIONS = (
					"DEBUG=1",
					"$(inherited)",
				);
				GCC_WARN_64_TO_32_BIT_CONVERSION = YES;
				GCC_WARN_ABOUT_RETURN_TYPE = YES_ERROR;
				GCC_WARN_UNDECLARED_SELECTOR = YES;
				GCC_WARN_UNINITIALIZED_AUTOS = YES_AGGRESSIVE;
				GCC_WARN_UNUSED_FUNCTION = YES;
				GCC_WARN_UNUSED_VARIABLE = YES;
				IPHONEOS_DEPLOYMENT_TARGET = 9.3;
				MTL_ENABLE_DEBUG_INFO = YES;
				ONLY_ACTIVE_ARCH = YES;
				SDKROOT = iphoneos;
				SWIFT_OPTIMIZATION_LEVEL = "-Onone";
			};
			name = Debug;
		};
		7E65E1F41D1D2BC800D888F8 /* Release */ = {
			isa = XCBuildConfiguration;
			buildSettings = {
				ALWAYS_SEARCH_USER_PATHS = NO;
				CLANG_ANALYZER_NONNULL = YES;
				CLANG_CXX_LANGUAGE_STANDARD = "gnu++0x";
				CLANG_CXX_LIBRARY = "libc++";
				CLANG_ENABLE_MODULES = YES;
				CLANG_ENABLE_OBJC_ARC = YES;
				CLANG_WARN_BOOL_CONVERSION = YES;
				CLANG_WARN_CONSTANT_CONVERSION = YES;
				CLANG_WARN_DIRECT_OBJC_ISA_USAGE = YES_ERROR;
				CLANG_WARN_EMPTY_BODY = YES;
				CLANG_WARN_ENUM_CONVERSION = YES;
				CLANG_WARN_INT_CONVERSION = YES;
				CLANG_WARN_OBJC_ROOT_CLASS = YES_ERROR;
				CLANG_WARN_UNREACHABLE_CODE = YES;
				CLANG_WARN__DUPLICATE_METHOD_MATCH = YES;
				"CODE_SIGN_IDENTITY[sdk=iphoneos*]" = "iPhone Developer";
				COPY_PHASE_STRIP = NO;
				DEBUG_INFORMATION_FORMAT = "dwarf-with-dsym";
				ENABLE_NS_ASSERTIONS = NO;
				ENABLE_STRICT_OBJC_MSGSEND = YES;
				GCC_C_LANGUAGE_STANDARD = gnu99;
				GCC_NO_COMMON_BLOCKS = YES;
				GCC_WARN_64_TO_32_BIT_CONVERSION = YES;
				GCC_WARN_ABOUT_RETURN_TYPE = YES_ERROR;
				GCC_WARN_UNDECLARED_SELECTOR = YES;
				GCC_WARN_UNINITIALIZED_AUTOS = YES_AGGRESSIVE;
				GCC_WARN_UNUSED_FUNCTION = YES;
				GCC_WARN_UNUSED_VARIABLE = YES;
				IPHONEOS_DEPLOYMENT_TARGET = 9.3;
				MTL_ENABLE_DEBUG_INFO = NO;
				SDKROOT = iphoneos;
				VALIDATE_PRODUCT = YES;
			};
			name = Release;
		};
		7E65E1F61D1D2BC800D888F8 /* Debug */ = {
			isa = XCBuildConfiguration;
			buildSettings = {
				ASSETCATALOG_COMPILER_APPICON_NAME = AppIcon;
				INFOPLIST_FILE = swift29/Info.plist;
				LD_RUNPATH_SEARCH_PATHS = "$(inherited) @executable_path/Frameworks";
				PRODUCT_BUNDLE_IDENTIFIER = com.jollycorp.swift29;
				PRODUCT_NAME = "$(TARGET_NAME)";
			};
			name = Debug;
		};
		7E65E1F71D1D2BC800D888F8 /* Release */ = {
			isa = XCBuildConfiguration;
			buildSettings = {
				ASSETCATALOG_COMPILER_APPICON_NAME = AppIcon;
				INFOPLIST_FILE = swift29/Info.plist;
				LD_RUNPATH_SEARCH_PATHS = "$(inherited) @executable_path/Frameworks";
				PRODUCT_BUNDLE_IDENTIFIER = com.jollycorp.swift29;
				PRODUCT_NAME = "$(TARGET_NAME)";
			};
			name = Release;
		};
/* End XCBuildConfiguration section */

/* Begin XCConfigurationList section */
		7E65E1DE1D1D2BC800D888F8 /* Build configuration list for PBXProject "swift29" */ = {
			isa = XCConfigurationList;
			buildConfigurations = (
				7E65E1F31D1D2BC800D888F8 /* Debug */,
				7E65E1F41D1D2BC800D888F8 /* Release */,
			);
			defaultConfigurationIsVisible = 0;
			defaultConfigurationName = Release;
		};
		7E65E1F51D1D2BC800D888F8 /* Build configuration list for PBXNativeTarget "swift29" */ = {
			isa = XCConfigurationList;
			buildConfigurations = (
				7E65E1F61D1D2BC800D888F8 /* Debug */,
				7E65E1F71D1D2BC800D888F8 /* Release */,
			);
			defaultConfigurationIsVisible = 0;
		};
/* End XCConfigurationList section */
	};
	rootObject = 7E65E1DB1D1D2BC800D888F8 /* Project object */;
}
