// !$*UTF8*$!
{
	archiveVersion = 1;
	classes = {
	};
	objectVersion = 46;
	objects = {

/* Begin PBXBuildFile section */
		7E6E6D6C1D138692000B1BE1 /* AppDelegate.swift in Sources */ = {isa = PBXBuildFile; fileRef = 7E6E6D6B1D138692000B1BE1 /* AppDelegate.swift */; };
		7E6E6D6E1D138692000B1BE1 /* ViewController.swift in Sources */ = {isa = PBXBuildFile; fileRef = 7E6E6D6D1D138692000B1BE1 /* ViewController.swift */; };
		7E6E6D711D138692000B1BE1 /* Main.storyboard in Resources */ = {isa = PBXBuildFile; fileRef = 7E6E6D6F1D138692000B1BE1 /* Main.storyboard */; };
		7E6E6D731D138692000B1BE1 /* Assets.xcassets in Resources */ = {isa = PBXBuildFile; fileRef = 7E6E6D721D138692000B1BE1 /* Assets.xcassets */; };
		7E6E6D761D138692000B1BE1 /* LaunchScreen.storyboard in Resources */ = {isa = PBXBuildFile; fileRef = 7E6E6D741D138692000B1BE1 /* LaunchScreen.storyboard */; };
/* End PBXBuildFile section */

/* Begin PBXFileReference section */
		7E6E6D681D138692000B1BE1 /* swift08.app */ = {isa = PBXFileReference; explicitFileType = wrapper.application; includeInIndex = 0; path = swift08.app; sourceTree = BUILT_PRODUCTS_DIR; };
		7E6E6D6B1D138692000B1BE1 /* AppDelegate.swift */ = {isa = PBXFileReference; lastKnownFileType = sourcecode.swift; path = AppDelegate.swift; sourceTree = "<group>"; };
		7E6E6D6D1D138692000B1BE1 /* ViewController.swift */ = {isa = PBXFileReference; lastKnownFileType = sourcecode.swift; path = ViewController.swift; sourceTree = "<group>"; };
		7E6E6D701D138692000B1BE1 /* Base */ = {isa = PBXFileReference; lastKnownFileType = file.storyboard; name = Base; path = Base.lproj/Main.storyboard; sourceTree = "<group>"; };
		7E6E6D721D138692000B1BE1 /* Assets.xcassets */ = {isa = PBXFileReference; lastKnownFileType = folder.assetcatalog; path = Assets.xcassets; sourceTree = "<group>"; };
		7E6E6D751D138692000B1BE1 /* Base */ = {isa = PBXFileReference; lastKnownFileType = file.storyboard; name = Base; path = Base.lproj/LaunchScreen.storyboard; sourceTree = "<group>"; };
		7E6E6D771D138692000B1BE1 /* Info.plist */ = {isa = PBXFileReference; lastKnownFileType = text.plist.xml; path = Info.plist; sourceTree = "<group>"; };
/* End PBXFileReference section */

/* Begin PBXFrameworksBuildPhase section */
		7E6E6D651D138692000B1BE1 /* Frameworks */ = {
			isa = PBXFrameworksBuildPhase;
			buildActionMask = 2147483647;
			files = (
			);
			runOnlyForDeploymentPostprocessing = 0;
		};
/* End PBXFrameworksBuildPhase section */

/* Begin PBXGroup section */
		7E6E6D5F1D138692000B1BE1 = {
			isa = PBXGroup;
			children = (
				7E6E6D6A1D138692000B1BE1 /* swift08 */,
				7E6E6D691D138692000B1BE1 /* Products */,
			);
			sourceTree = "<group>";
		};
		7E6E6D691D138692000B1BE1 /* Products */ = {
			isa = PBXGroup;
			children = (
				7E6E6D681D138692000B1BE1 /* swift08.app */,
			);
			name = Products;
			sourceTree = "<group>";
		};
		7E6E6D6A1D138692000B1BE1 /* swift08 */ = {
			isa = PBXGroup;
			children = (
				7E6E6D6B1D138692000B1BE1 /* AppDelegate.swift */,
				7E6E6D6D1D138692000B1BE1 /* ViewController.swift */,
				7E6E6D6F1D138692000B1BE1 /* Main.storyboard */,
				7E6E6D721D138692000B1BE1 /* Assets.xcassets */,
				7E6E6D741D138692000B1BE1 /* LaunchScreen.storyboard */,
				7E6E6D771D138692000B1BE1 /* Info.plist */,
			);
			path = swift08;
			sourceTree = "<group>";
		};
/* End PBXGroup section */

/* Begin PBXNativeTarget section */
		7E6E6D671D138692000B1BE1 /* swift08 */ = {
			isa = PBXNativeTarget;
			buildConfigurationList = 7E6E6D7A1D138692000B1BE1 /* Build configuration list for PBXNativeTarget "swift08" */;
			buildPhases = (
				7E6E6D641D138692000B1BE1 /* Sources */,
				7E6E6D651D138692000B1BE1 /* Frameworks */,
				7E6E6D661D138692000B1BE1 /* Resources */,
			);
			buildRules = (
			);
			dependencies = (
			);
			name = swift08;
			productName = swift08;
			productReference = 7E6E6D681D138692000B1BE1 /* swift08.app */;
			productType = "com.apple.product-type.application";
		};
/* End PBXNativeTarget section */

/* Begin PBXProject section */
		7E6E6D601D138692000B1BE1 /* Project object */ = {
			isa = PBXProject;
			attributes = {
				LastSwiftUpdateCheck = 0730;
				LastUpgradeCheck = 0730;
				ORGANIZATIONNAME = jollycorp;
				TargetAttributes = {
					7E6E6D671D138692000B1BE1 = {
						CreatedOnToolsVersion = 7.3.1;
						DevelopmentTeam = MKJ55A75EX;
					};
				};
			};
			buildConfigurationList = 7E6E6D631D138692000B1BE1 /* Build configuration list for PBXProject "swift08" */;
			compatibilityVersion = "Xcode 3.2";
			developmentRegion = English;
			hasScannedForEncodings = 0;
			knownRegions = (
				en,
				Base,
			);
			mainGroup = 7E6E6D5F1D138692000B1BE1;
			productRefGroup = 7E6E6D691D138692000B1BE1 /* Products */;
			projectDirPath = "";
			projectRoot = "";
			targets = (
				7E6E6D671D138692000B1BE1 /* swift08 */,
			);
		};
/* End PBXProject section */

/* Begin PBXResourcesBuildPhase section */
		7E6E6D661D138692000B1BE1 /* Resources */ = {
			isa = PBXResourcesBuildPhase;
			buildActionMask = 2147483647;
			files = (
				7E6E6D761D138692000B1BE1 /* LaunchScreen.storyboard in Resources */,
				7E6E6D731D138692000B1BE1 /* Assets.xcassets in Resources */,
				7E6E6D711D138692000B1BE1 /* Main.storyboard in Resources */,
			);
			runOnlyForDeploymentPostprocessing = 0;
		};
/* End PBXResourcesBuildPhase section */

/* Begin PBXSourcesBuildPhase section */
		7E6E6D641D138692000B1BE1 /* Sources */ = {
			isa = PBXSourcesBuildPhase;
			buildActionMask = 2147483647;
			files = (
				7E6E6D6E1D138692000B1BE1 /* ViewController.swift in Sources */,
				7E6E6D6C1D138692000B1BE1 /* AppDelegate.swift in Sources */,
			);
			runOnlyForDeploymentPostprocessing = 0;
		};
/* End PBXSourcesBuildPhase section */

/* Begin PBXVariantGroup section */
		7E6E6D6F1D138692000B1BE1 /* Main.storyboard */ = {
			isa = PBXVariantGroup;
			children = (
				7E6E6D701D138692000B1BE1 /* Base */,
			);
			name = Main.storyboard;
			sourceTree = "<group>";
		};
		7E6E6D741D138692000B1BE1 /* LaunchScreen.storyboard */ = {
			isa = PBXVariantGroup;
			children = (
				7E6E6D751D138692000B1BE1 /* Base */,
			);
			name = LaunchScreen.storyboard;
			sourceTree = "<group>";
		};
/* End PBXVariantGroup section */

/* Begin XCBuildConfiguration section */
		7E6E6D781D138692000B1BE1 /* Debug */ = {
			isa = XCBuildConfiguration;
			buildSettings = {
				ALWAYS_SEARCH_USER_PATHS = NO;
				CLANG_ANALYZER_NONNULL = YES;
				CLANG_CXX_LANGUAGE_STANDARD = "gnu++0x";
				CLANG_CXX_LIBRARY = "libc++";
				CLANG_ENABLE_MODULES = YES;
				CLANG_ENABLE_OBJC_ARC = YES;
				CLANG_WARN_BOOL_CONVERSION = YES;
				CLANG_WARN_CONSTANT_CONVERSION = YES;
				CLANG_WARN_DIRECT_OBJC_ISA_USAGE = YES_ERROR;
				CLANG_WARN_EMPTY_BODY = YES;
				CLANG_WARN_ENUM_CONVERSION = YES;
				CLANG_WARN_INT_CONVERSION = YES;
				CLANG_WARN_OBJC_ROOT_CLASS = YES_ERROR;
				CLANG_WARN_UNREACHABLE_CODE = YES;
				CLANG_WARN__DUPLICATE_METHOD_MATCH = YES;
				"CODE_SIGN_IDENTITY[sdk=iphoneos*]" = "iPhone Developer";
				COPY_PHASE_STRIP = NO;
				DEBUG_INFORMATION_FORMAT = dwarf;
				ENABLE_STRICT_OBJC_MSGSEND = YES;
				ENABLE_TESTABILITY = YES;
				GCC_C_LANGUAGE_STANDARD = gnu99;
				GCC_DYNAMIC_NO_PIC = NO;
				GCC_NO_COMMON_BLOCKS = YES;
				GCC_OPTIMIZATION_LEVEL = 0;
				GCC_PREPROCESSOR_DEFINITIONS = (
					"DEBUG=1",
					"$(inherited)",
				);
				GCC_WARN_64_TO_32_BIT_CONVERSION = YES;
				GCC_WARN_ABOUT_RETURN_TYPE = YES_ERROR;
				GCC_WARN_UNDECLARED_SELECTOR = YES;
				GCC_WARN_UNINITIALIZED_AUTOS = YES_AGGRESSIVE;
				GCC_WARN_UNUSED_FUNCTION = YES;
				GCC_WARN_UNUSED_VARIABLE = YES;
				IPHONEOS_DEPLOYMENT_TARGET = 9.3;
				MTL_ENABLE_DEBUG_INFO = YES;
				ONLY_ACTIVE_ARCH = YES;
				SDKROOT = iphoneos;
				SWIFT_OPTIMIZATION_LEVEL = "-Onone";
			};
			name = Debug;
		};
		7E6E6D791D138692000B1BE1 /* Release */ = {
			isa = XCBuildConfiguration;
			buildSettings = {
				ALWAYS_SEARCH_USER_PATHS = NO;
				CLANG_ANALYZER_NONNULL = YES;
				CLANG_CXX_LANGUAGE_STANDARD = "gnu++0x";
				CLANG_CXX_LIBRARY = "libc++";
				CLANG_ENABLE_MODULES = YES;
				CLANG_ENABLE_OBJC_ARC = YES;
				CLANG_WARN_BOOL_CONVERSION = YES;
				CLANG_WARN_CONSTANT_CONVERSION = YES;
				CLANG_WARN_DIRECT_OBJC_ISA_USAGE = YES_ERROR;
				CLANG_WARN_EMPTY_BODY = YES;
				CLANG_WARN_ENUM_CONVERSION = YES;
				CLANG_WARN_INT_CONVERSION = YES;
				CLANG_WARN_OBJC_ROOT_CLASS = YES_ERROR;
				CLANG_WARN_UNREACHABLE_CODE = YES;
				CLANG_WARN__DUPLICATE_METHOD_MATCH = YES;
				"CODE_SIGN_IDENTITY[sdk=iphoneos*]" = "iPhone Developer";
				COPY_PHASE_STRIP = NO;
				DEBUG_INFORMATION_FORMAT = "dwarf-with-dsym";
				ENABLE_NS_ASSERTIONS = NO;
				ENABLE_STRICT_OBJC_MSGSEND = YES;
				GCC_C_LANGUAGE_STANDARD = gnu99;
				GCC_NO_COMMON_BLOCKS = YES;
				GCC_WARN_64_TO_32_BIT_CONVERSION = YES;
				GCC_WARN_ABOUT_RETURN_TYPE = YES_ERROR;
				GCC_WARN_UNDECLARED_SELECTOR = YES;
				GCC_WARN_UNINITIALIZED_AUTOS = YES_AGGRESSIVE;
				GCC_WARN_UNUSED_FUNCTION = YES;
				GCC_WARN_UNUSED_VARIABLE = YES;
				IPHONEOS_DEPLOYMENT_TARGET = 9.3;
				MTL_ENABLE_DEBUG_INFO = NO;
				SDKROOT = iphoneos;
				VALIDATE_PRODUCT = YES;
			};
			name = Release;
		};
		7E6E6D7B1D138692000B1BE1 /* Debug */ = {
			isa = XCBuildConfiguration;
			buildSettings = {
				ASSETCATALOG_COMPILER_APPICON_NAME = AppIcon;
				INFOPLIST_FILE = swift08/Info.plist;
				LD_RUNPATH_SEARCH_PATHS = "$(inherited) @executable_path/Frameworks";
				PRODUCT_BUNDLE_IDENTIFIER = com.jollycorp.swift08;
				PRODUCT_NAME = "$(TARGET_NAME)";
			};
			name = Debug;
		};
		7E6E6D7C1D138692000B1BE1 /* Release */ = {
			isa = XCBuildConfiguration;
			buildSettings = {
				ASSETCATALOG_COMPILER_APPICON_NAME = AppIcon;
				INFOPLIST_FILE = swift08/Info.plist;
				LD_RUNPATH_SEARCH_PATHS = "$(inherited) @executable_path/Frameworks";
				PRODUCT_BUNDLE_IDENTIFIER = com.jollycorp.swift08;
				PRODUCT_NAME = "$(TARGET_NAME)";
			};
			name = Release;
		};
/* End XCBuildConfiguration section */

/* Begin XCConfigurationList section */
		7E6E6D631D138692000B1BE1 /* Build configuration list for PBXProject "swift08" */ = {
			isa = XCConfigurationList;
			buildConfigurations = (
				7E6E6D781D138692000B1BE1 /* Debug */,
				7E6E6D791D138692000B1BE1 /* Release */,
			);
			defaultConfigurationIsVisible = 0;
			defaultConfigurationName = Release;
		};
		7E6E6D7A1D138692000B1BE1 /* Build configuration list for PBXNativeTarget "swift08" */ = {
			isa = XCConfigurationList;
			buildConfigurations = (
				7E6E6D7B1D138692000B1BE1 /* Debug */,
				7E6E6D7C1D138692000B1BE1 /* Release */,
			);
			defaultConfigurationIsVisible = 0;
		};
/* End XCConfigurationList section */
	};
	rootObject = 7E6E6D601D138692000B1BE1 /* Project object */;
}
